
Microsoft Visual Studio Solution File, Format Version 12.00
# Visual Studio Version 17
VisualStudioVersion = 17.14.36202.13
MinimumVisualStudioVersion = 10.0.40219.1
Project("{FAE04EC0-301F-11D3-BF4B-00C04F79EFBC}") = "TodoList", "TodoList\TodoList.csproj", "{7C0C357F-16BB-46FF-BCC7-0DE0CE49FCAB}"
EndProject
Project("{FAE04EC0-301F-11D3-BF4B-00C04F79EFBC}") = "Calculator", "Calculator\Calculator.csproj", "{FA9FA63E-1764-476C-A9B5-AD50D7C8948F}"
EndProject
Global
	GlobalSection(SolutionConfigurationPlatforms) = preSolution
		Debug|Any CPU = Debug|Any CPU
		Release|Any CPU = Release|Any CPU
	EndGlobalSection
	GlobalSection(ProjectConfigurationPlatforms) = postSolution
		{7C0C357F-16BB-46FF-BCC7-0DE0CE49FCAB}.Debug|Any CPU.ActiveCfg = Debug|Any CPU
		{7C0C357F-16BB-46FF-BCC7-0DE0CE49FCAB}.Debug|Any CPU.Build.0 = Debug|Any CPU
		{7C0C357F-16BB-46FF-BCC7-0DE0CE49FCAB}.Release|Any CPU.ActiveCfg = Release|Any CPU
		{7C0C357F-16BB-46FF-BCC7-0DE0CE49FCAB}.Release|Any CPU.Build.0 = Release|Any CPU
		{FA9FA63E-1764-476C-A9B5-AD50D7C8948F}.Debug|Any CPU.ActiveCfg = Debug|Any CPU
		{FA9FA63E-1764-476C-A9B5-AD50D7C8948F}.Debug|Any CPU.Build.0 = Debug|Any CPU
		{FA9FA63E-1764-476C-A9B5-AD50D7C8948F}.Release|Any CPU.ActiveCfg = Release|Any CPU
		{FA9FA63E-1764-476C-A9B5-AD50D7C8948F}.Release|Any CPU.Build.0 = Release|Any CPU
	EndGlobalSection
	GlobalSection(SolutionProperties) = preSolution
		HideSolutionNode = FALSE
	EndGlobalSection
	GlobalSection(ExtensibilityGlobals) = postSolution
		SolutionGuid = {EE9A560C-647C-4630-ABAF-C3D194878DA6}
	EndGlobalSection
EndGlobal
